// !$*UTF8*$!
{
	archiveVersion = 1;
	classes = {
	};
	objectVersion = 56;
	objects = {

/* Begin PBXBuildFile section */
		C15C21D22910F8D4000BC7D7 /* LoginView.swift in Sources */ = {isa = PBXBuildFile; fileRef = C15C21D12910F8D4000BC7D7 /* LoginView.swift */; };
		C16637612912567700ED5DF3 /* DummyViewController.swift in Sources */ = {isa = PBXBuildFile; fileRef = C16637602912567700ED5DF3 /* DummyViewController.swift */; };
		C16637642912CB7300ED5DF3 /* LocalState.swift in Sources */ = {isa = PBXBuildFile; fileRef = C16637632912CB7300ED5DF3 /* LocalState.swift */; };
		C16E16C7291236EC0090F2BB /* OnboardingContainerViewController.swift in Sources */ = {isa = PBXBuildFile; fileRef = C16E16C6291236EC0090F2BB /* OnboardingContainerViewController.swift */; };
		C16E16C929123B0A0090F2BB /* OnboardingViewController.swift in Sources */ = {isa = PBXBuildFile; fileRef = C16E16C829123B0A0090F2BB /* OnboardingViewController.swift */; };
		C190E2FE291381DD008F97ED /* UIViewController+Utils.swift in Sources */ = {isa = PBXBuildFile; fileRef = C190E2FD291381DD008F97ED /* UIViewController+Utils.swift */; };
		C190E30029138299008F97ED /* MainViewController.swift in Sources */ = {isa = PBXBuildFile; fileRef = C190E2FF29138299008F97ED /* MainViewController.swift */; };
		C190E30229138B33008F97ED /* AccountSummaryViewController.swift in Sources */ = {isa = PBXBuildFile; fileRef = C190E30129138B33008F97ED /* AccountSummaryViewController.swift */; };
		C190E30429138DE3008F97ED /* AccountSummaryHeaderView.swift in Sources */ = {isa = PBXBuildFile; fileRef = C190E30329138DE3008F97ED /* AccountSummaryHeaderView.swift */; };
		C190E30629138E19008F97ED /* AccountSummaryHeaderView.xib in Resources */ = {isa = PBXBuildFile; fileRef = C190E30529138E19008F97ED /* AccountSummaryHeaderView.xib */; };
		C19A8ED52910F58A00FD3290 /* AppDelegate.swift in Sources */ = {isa = PBXBuildFile; fileRef = C19A8ED42910F58A00FD3290 /* AppDelegate.swift */; };
		C19A8ED92910F58A00FD3290 /* LoginViewController.swift in Sources */ = {isa = PBXBuildFile; fileRef = C19A8ED82910F58A00FD3290 /* LoginViewController.swift */; };
		C19A8EDE2910F58C00FD3290 /* Assets.xcassets in Resources */ = {isa = PBXBuildFile; fileRef = C19A8EDD2910F58C00FD3290 /* Assets.xcassets */; };
		C19A8EE12910F58C00FD3290 /* LaunchScreen.storyboard in Resources */ = {isa = PBXBuildFile; fileRef = C19A8EDF2910F58C00FD3290 /* LaunchScreen.storyboard */; };
/* End PBXBuildFile section */

/* Begin PBXFileReference section */
		C15C21D12910F8D4000BC7D7 /* LoginView.swift */ = {isa = PBXFileReference; lastKnownFileType = sourcecode.swift; path = LoginView.swift; sourceTree = "<group>"; };
		C16637602912567700ED5DF3 /* DummyViewController.swift */ = {isa = PBXFileReference; lastKnownFileType = sourcecode.swift; path = DummyViewController.swift; sourceTree = "<group>"; };
		C16637632912CB7300ED5DF3 /* LocalState.swift */ = {isa = PBXFileReference; lastKnownFileType = sourcecode.swift; path = LocalState.swift; sourceTree = "<group>"; };
		C16E16C6291236EC0090F2BB /* OnboardingContainerViewController.swift */ = {isa = PBXFileReference; lastKnownFileType = sourcecode.swift; path = OnboardingContainerViewController.swift; sourceTree = "<group>"; };
		C16E16C829123B0A0090F2BB /* OnboardingViewController.swift */ = {isa = PBXFileReference; lastKnownFileType = sourcecode.swift; path = OnboardingViewController.swift; sourceTree = "<group>"; };
		C190E2FD291381DD008F97ED /* UIViewController+Utils.swift */ = {isa = PBXFileReference; lastKnownFileType = sourcecode.swift; path = "UIViewController+Utils.swift"; sourceTree = "<group>"; };
		C190E2FF29138299008F97ED /* MainViewController.swift */ = {isa = PBXFileReference; lastKnownFileType = sourcecode.swift; path = MainViewController.swift; sourceTree = "<group>"; };
		C190E30129138B33008F97ED /* AccountSummaryViewController.swift */ = {isa = PBXFileReference; lastKnownFileType = sourcecode.swift; path = AccountSummaryViewController.swift; sourceTree = "<group>"; };
		C190E30329138DE3008F97ED /* AccountSummaryHeaderView.swift */ = {isa = PBXFileReference; lastKnownFileType = sourcecode.swift; path = AccountSummaryHeaderView.swift; sourceTree = "<group>"; };
		C190E30529138E19008F97ED /* AccountSummaryHeaderView.xib */ = {isa = PBXFileReference; lastKnownFileType = file.xib; path = AccountSummaryHeaderView.xib; sourceTree = "<group>"; };
		C19A8ED12910F58A00FD3290 /* Bankey.app */ = {isa = PBXFileReference; explicitFileType = wrapper.application; includeInIndex = 0; path = Bankey.app; sourceTree = BUILT_PRODUCTS_DIR; };
		C19A8ED42910F58A00FD3290 /* AppDelegate.swift */ = {isa = PBXFileReference; lastKnownFileType = sourcecode.swift; path = AppDelegate.swift; sourceTree = "<group>"; };
		C19A8ED82910F58A00FD3290 /* LoginViewController.swift */ = {isa = PBXFileReference; lastKnownFileType = sourcecode.swift; path = LoginViewController.swift; sourceTree = "<group>"; };
		C19A8EDD2910F58C00FD3290 /* Assets.xcassets */ = {isa = PBXFileReference; lastKnownFileType = folder.assetcatalog; path = Assets.xcassets; sourceTree = "<group>"; };
		C19A8EE02910F58C00FD3290 /* Base */ = {isa = PBXFileReference; lastKnownFileType = file.storyboard; name = Base; path = Base.lproj/LaunchScreen.storyboard; sourceTree = "<group>"; };
		C19A8EE22910F58C00FD3290 /* Info.plist */ = {isa = PBXFileReference; lastKnownFileType = text.plist.xml; path = Info.plist; sourceTree = "<group>"; };
/* End PBXFileReference section */

/* Begin PBXFrameworksBuildPhase section */
		C19A8ECE2910F58A00FD3290 /* Frameworks */ = {
			isa = PBXFrameworksBuildPhase;
			buildActionMask = 2147483647;
			files = (
			);
			runOnlyForDeploymentPostprocessing = 0;
		};
/* End PBXFrameworksBuildPhase section */

/* Begin PBXGroup section */
		C15C21CE2910F858000BC7D7 /* Files */ = {
			isa = PBXGroup;
			children = (
				C19A8EDD2910F58C00FD3290 /* Assets.xcassets */,
				C19A8EDF2910F58C00FD3290 /* LaunchScreen.storyboard */,
				C19A8EE22910F58C00FD3290 /* Info.plist */,
			);
			name = Files;
			sourceTree = "<group>";
		};
		C15C21D02910F8AF000BC7D7 /* Login */ = {
			isa = PBXGroup;
			children = (
				C19A8ED82910F58A00FD3290 /* LoginViewController.swift */,
				C15C21D12910F8D4000BC7D7 /* LoginView.swift */,
				C16637602912567700ED5DF3 /* DummyViewController.swift */,
			);
			path = Login;
			sourceTree = "<group>";
		};
		C16637622912CB4A00ED5DF3 /* Utils */ = {
			isa = PBXGroup;
			children = (
				C190E2FD291381DD008F97ED /* UIViewController+Utils.swift */,
				C16637632912CB7300ED5DF3 /* LocalState.swift */,
			);
			path = Utils;
			sourceTree = "<group>";
		};
		C16E16C5291236B20090F2BB /* Onboarding */ = {
			isa = PBXGroup;
			children = (
				C16E16C6291236EC0090F2BB /* OnboardingContainerViewController.swift */,
				C16E16C829123B0A0090F2BB /* OnboardingViewController.swift */,
			);
			path = Onboarding;
			sourceTree = "<group>";
		};
		C190E2FC29138155008F97ED /* AccountSummary */ = {
			isa = PBXGroup;
			children = (
				C190E30129138B33008F97ED /* AccountSummaryViewController.swift */,
				C190E30329138DE3008F97ED /* AccountSummaryHeaderView.swift */,
				C190E30529138E19008F97ED /* AccountSummaryHeaderView.xib */,
			);
			path = AccountSummary;
			sourceTree = "<group>";
		};
		C19A8EC82910F58A00FD3290 = {
			isa = PBXGroup;
			children = (
				C19A8ED32910F58A00FD3290 /* Bankey */,
				C19A8ED22910F58A00FD3290 /* Products */,
			);
			sourceTree = "<group>";
		};
		C19A8ED22910F58A00FD3290 /* Products */ = {
			isa = PBXGroup;
			children = (
				C19A8ED12910F58A00FD3290 /* Bankey.app */,
			);
			name = Products;
			sourceTree = "<group>";
		};
		C19A8ED32910F58A00FD3290 /* Bankey */ = {
			isa = PBXGroup;
			children = (
				C19A8ED42910F58A00FD3290 /* AppDelegate.swift */,
				C190E2FF29138299008F97ED /* MainViewController.swift */,
				C15C21D02910F8AF000BC7D7 /* Login */,
				C16E16C5291236B20090F2BB /* Onboarding */,
				C190E2FC29138155008F97ED /* AccountSummary */,
				C16637622912CB4A00ED5DF3 /* Utils */,
				C15C21CE2910F858000BC7D7 /* Files */,
			);
			path = Bankey;
			sourceTree = "<group>";
		};
/* End PBXGroup section */

/* Begin PBXNativeTarget section */
		C19A8ED02910F58A00FD3290 /* Bankey */ = {
			isa = PBXNativeTarget;
			buildConfigurationList = C19A8EE52910F58C00FD3290 /* Build configuration list for PBXNativeTarget "Bankey" */;
			buildPhases = (
				C19A8ECD2910F58A00FD3290 /* Sources */,
				C19A8ECE2910F58A00FD3290 /* Frameworks */,
				C19A8ECF2910F58A00FD3290 /* Resources */,
			);
			buildRules = (
			);
			dependencies = (
			);
			name = Bankey;
			productName = Bankey;
			productReference = C19A8ED12910F58A00FD3290 /* Bankey.app */;
			productType = "com.apple.product-type.application";
		};
/* End PBXNativeTarget section */

/* Begin PBXProject section */
		C19A8EC92910F58A00FD3290 /* Project object */ = {
			isa = PBXProject;
			attributes = {
				BuildIndependentTargetsInParallel = 1;
				LastSwiftUpdateCheck = 1400;
				LastUpgradeCheck = 1400;
				TargetAttributes = {
					C19A8ED02910F58A00FD3290 = {
						CreatedOnToolsVersion = 14.0.1;
					};
				};
			};
			buildConfigurationList = C19A8ECC2910F58A00FD3290 /* Build configuration list for PBXProject "Bankey" */;
			compatibilityVersion = "Xcode 14.0";
			developmentRegion = en;
			hasScannedForEncodings = 0;
			knownRegions = (
				en,
				Base,
			);
			mainGroup = C19A8EC82910F58A00FD3290;
			productRefGroup = C19A8ED22910F58A00FD3290 /* Products */;
			projectDirPath = "";
			projectRoot = "";
			targets = (
				C19A8ED02910F58A00FD3290 /* Bankey */,
			);
		};
/* End PBXProject section */

/* Begin PBXResourcesBuildPhase section */
		C19A8ECF2910F58A00FD3290 /* Resources */ = {
			isa = PBXResourcesBuildPhase;
			buildActionMask = 2147483647;
			files = (
				C190E30629138E19008F97ED /* AccountSummaryHeaderView.xib in Resources */,
				C19A8EE12910F58C00FD3290 /* LaunchScreen.storyboard in Resources */,
				C19A8EDE2910F58C00FD3290 /* Assets.xcassets in Resources */,
			);
			runOnlyForDeploymentPostprocessing = 0;
		};
/* End PBXResourcesBuildPhase section */

/* Begin PBXSourcesBuildPhase section */
		C19A8ECD2910F58A00FD3290 /* Sources */ = {
			isa = PBXSourcesBuildPhase;
			buildActionMask = 2147483647;
			files = (
				C15C21D22910F8D4000BC7D7 /* LoginView.swift in Sources */,
				C16637642912CB7300ED5DF3 /* LocalState.swift in Sources */,
				C16637612912567700ED5DF3 /* DummyViewController.swift in Sources */,
				C190E30429138DE3008F97ED /* AccountSummaryHeaderView.swift in Sources */,
				C19A8ED92910F58A00FD3290 /* LoginViewController.swift in Sources */,
				C190E2FE291381DD008F97ED /* UIViewController+Utils.swift in Sources */,
				C16E16C929123B0A0090F2BB /* OnboardingViewController.swift in Sources */,
				C190E30029138299008F97ED /* MainViewController.swift in Sources */,
				C190E30229138B33008F97ED /* AccountSummaryViewController.swift in Sources */,
				C19A8ED52910F58A00FD3290 /* AppDelegate.swift in Sources */,
				C16E16C7291236EC0090F2BB /* OnboardingContainerViewController.swift in Sources */,
			);
			runOnlyForDeploymentPostprocessing = 0;
		};
/* End PBXSourcesBuildPhase section */

/* Begin PBXVariantGroup section */
		C19A8EDF2910F58C00FD3290 /* LaunchScreen.storyboard */ = {
			isa = PBXVariantGroup;
			children = (
				C19A8EE02910F58C00FD3290 /* Base */,
			);
			name = LaunchScreen.storyboard;
			sourceTree = "<group>";
		};
/* End PBXVariantGroup section */

/* Begin XCBuildConfiguration section */
		C19A8EE32910F58C00FD3290 /* Debug */ = {
			isa = XCBuildConfiguration;
			buildSettings = {
				ALWAYS_SEARCH_USER_PATHS = NO;
				CLANG_ANALYZER_NONNULL = YES;
				CLANG_ANALYZER_NUMBER_OBJECT_CONVERSION = YES_AGGRESSIVE;
				CLANG_CXX_LANGUAGE_STANDARD = "gnu++20";
				CLANG_ENABLE_MODULES = YES;
				CLANG_ENABLE_OBJC_ARC = YES;
				CLANG_ENABLE_OBJC_WEAK = YES;
				CLANG_WARN_BLOCK_CAPTURE_AUTORELEASING = YES;
				CLANG_WARN_BOOL_CONVERSION = YES;
				CLANG_WARN_COMMA = YES;
				CLANG_WARN_CONSTANT_CONVERSION = YES;
				CLANG_WARN_DEPRECATED_OBJC_IMPLEMENTATIONS = YES;
				CLANG_WARN_DIRECT_OBJC_ISA_USAGE = YES_ERROR;
				CLANG_WARN_DOCUMENTATION_COMMENTS = YES;
				CLANG_WARN_EMPTY_BODY = YES;
				CLANG_WARN_ENUM_CONVERSION = YES;
				CLANG_WARN_INFINITE_RECURSION = YES;
				CLANG_WARN_INT_CONVERSION = YES;
				CLANG_WARN_NON_LITERAL_NULL_CONVERSION = YES;
				CLANG_WARN_OBJC_IMPLICIT_RETAIN_SELF = YES;
				CLANG_WARN_OBJC_LITERAL_CONVERSION = YES;
				CLANG_WARN_OBJC_ROOT_CLASS = YES_ERROR;
				CLANG_WARN_QUOTED_INCLUDE_IN_FRAMEWORK_HEADER = YES;
				CLANG_WARN_RANGE_LOOP_ANALYSIS = YES;
				CLANG_WARN_STRICT_PROTOTYPES = YES;
				CLANG_WARN_SUSPICIOUS_MOVE = YES;
				CLANG_WARN_UNGUARDED_AVAILABILITY = YES_AGGRESSIVE;
				CLANG_WARN_UNREACHABLE_CODE = YES;
				CLANG_WARN__DUPLICATE_METHOD_MATCH = YES;
				COPY_PHASE_STRIP = NO;
				DEBUG_INFORMATION_FORMAT = dwarf;
				ENABLE_STRICT_OBJC_MSGSEND = YES;
				ENABLE_TESTABILITY = YES;
				GCC_C_LANGUAGE_STANDARD = gnu11;
				GCC_DYNAMIC_NO_PIC = NO;
				GCC_NO_COMMON_BLOCKS = YES;
				GCC_OPTIMIZATION_LEVEL = 0;
				GCC_PREPROCESSOR_DEFINITIONS = (
					"DEBUG=1",
					"$(inherited)",
				);
				GCC_WARN_64_TO_32_BIT_CONVERSION = YES;
				GCC_WARN_ABOUT_RETURN_TYPE = YES_ERROR;
				GCC_WARN_UNDECLARED_SELECTOR = YES;
				GCC_WARN_UNINITIALIZED_AUTOS = YES_AGGRESSIVE;
				GCC_WARN_UNUSED_FUNCTION = YES;
				GCC_WARN_UNUSED_VARIABLE = YES;
				IPHONEOS_DEPLOYMENT_TARGET = 16.0;
				MTL_ENABLE_DEBUG_INFO = INCLUDE_SOURCE;
				MTL_FAST_MATH = YES;
				ONLY_ACTIVE_ARCH = YES;
				SDKROOT = iphoneos;
				SWIFT_ACTIVE_COMPILATION_CONDITIONS = DEBUG;
				SWIFT_OPTIMIZATION_LEVEL = "-Onone";
			};
			name = Debug;
		};
		C19A8EE42910F58C00FD3290 /* Release */ = {
			isa = XCBuildConfiguration;
			buildSettings = {
				ALWAYS_SEARCH_USER_PATHS = NO;
				CLANG_ANALYZER_NONNULL = YES;
				CLANG_ANALYZER_NUMBER_OBJECT_CONVERSION = YES_AGGRESSIVE;
				CLANG_CXX_LANGUAGE_STANDARD = "gnu++20";
				CLANG_ENABLE_MODULES = YES;
				CLANG_ENABLE_OBJC_ARC = YES;
				CLANG_ENABLE_OBJC_WEAK = YES;
				CLANG_WARN_BLOCK_CAPTURE_AUTORELEASING = YES;
				CLANG_WARN_BOOL_CONVERSION = YES;
				CLANG_WARN_COMMA = YES;
				CLANG_WARN_CONSTANT_CONVERSION = YES;
				CLANG_WARN_DEPRECATED_OBJC_IMPLEMENTATIONS = YES;
				CLANG_WARN_DIRECT_OBJC_ISA_USAGE = YES_ERROR;
				CLANG_WARN_DOCUMENTATION_COMMENTS = YES;
				CLANG_WARN_EMPTY_BODY = YES;
				CLANG_WARN_ENUM_CONVERSION = YES;
				CLANG_WARN_INFINITE_RECURSION = YES;
				CLANG_WARN_INT_CONVERSION = YES;
				CLANG_WARN_NON_LITERAL_NULL_CONVERSION = YES;
				CLANG_WARN_OBJC_IMPLICIT_RETAIN_SELF = YES;
				CLANG_WARN_OBJC_LITERAL_CONVERSION = YES;
				CLANG_WARN_OBJC_ROOT_CLASS = YES_ERROR;
				CLANG_WARN_QUOTED_INCLUDE_IN_FRAMEWORK_HEADER = YES;
				CLANG_WARN_RANGE_LOOP_ANALYSIS = YES;
				CLANG_WARN_STRICT_PROTOTYPES = YES;
				CLANG_WARN_SUSPICIOUS_MOVE = YES;
				CLANG_WARN_UNGUARDED_AVAILABILITY = YES_AGGRESSIVE;
				CLANG_WARN_UNREACHABLE_CODE = YES;
				CLANG_WARN__DUPLICATE_METHOD_MATCH = YES;
				COPY_PHASE_STRIP = NO;
				DEBUG_INFORMATION_FORMAT = "dwarf-with-dsym";
				ENABLE_NS_ASSERTIONS = NO;
				ENABLE_STRICT_OBJC_MSGSEND = YES;
				GCC_C_LANGUAGE_STANDARD = gnu11;
				GCC_NO_COMMON_BLOCKS = YES;
				GCC_WARN_64_TO_32_BIT_CONVERSION = YES;
				GCC_WARN_ABOUT_RETURN_TYPE = YES_ERROR;
				GCC_WARN_UNDECLARED_SELECTOR = YES;
				GCC_WARN_UNINITIALIZED_AUTOS = YES_AGGRESSIVE;
				GCC_WARN_UNUSED_FUNCTION = YES;
				GCC_WARN_UNUSED_VARIABLE = YES;
				IPHONEOS_DEPLOYMENT_TARGET = 16.0;
				MTL_ENABLE_DEBUG_INFO = NO;
				MTL_FAST_MATH = YES;
				SDKROOT = iphoneos;
				SWIFT_COMPILATION_MODE = wholemodule;
				SWIFT_OPTIMIZATION_LEVEL = "-O";
				VALIDATE_PRODUCT = YES;
			};
			name = Release;
		};
		C19A8EE62910F58C00FD3290 /* Debug */ = {
			isa = XCBuildConfiguration;
			buildSettings = {
				ASSETCATALOG_COMPILER_APPICON_NAME = AppIcon;
				ASSETCATALOG_COMPILER_GLOBAL_ACCENT_COLOR_NAME = AccentColor;
				CODE_SIGN_STYLE = Automatic;
				CURRENT_PROJECT_VERSION = 1;
				DEVELOPMENT_TEAM = 4836KR52L9;
				GENERATE_INFOPLIST_FILE = YES;
				INFOPLIST_FILE = Bankey/Info.plist;
				INFOPLIST_KEY_UIApplicationSupportsIndirectInputEvents = YES;
				INFOPLIST_KEY_UILaunchStoryboardName = LaunchScreen;
				INFOPLIST_KEY_UISupportedInterfaceOrientations = "UIInterfaceOrientationLandscapeLeft UIInterfaceOrientationLandscapeRight UIInterfaceOrientationPortrait";
				INFOPLIST_KEY_UISupportedInterfaceOrientations_iPad = "UIInterfaceOrientationLandscapeLeft UIInterfaceOrientationLandscapeRight UIInterfaceOrientationPortrait UIInterfaceOrientationPortraitUpsideDown";
				LD_RUNPATH_SEARCH_PATHS = (
					"$(inherited)",
					"@executable_path/Frameworks",
				);
				MARKETING_VERSION = 1.0;
				PRODUCT_BUNDLE_IDENTIFIER = com.pucknavin.Bankey;
				PRODUCT_NAME = "$(TARGET_NAME)";
				SWIFT_EMIT_LOC_STRINGS = YES;
				SWIFT_VERSION = 5.0;
				TARGETED_DEVICE_FAMILY = "1,2";
			};
			name = Debug;
		};
		C19A8EE72910F58C00FD3290 /* Release */ = {
			isa = XCBuildConfiguration;
			buildSettings = {
				ASSETCATALOG_COMPILER_APPICON_NAME = AppIcon;
				ASSETCATALOG_COMPILER_GLOBAL_ACCENT_COLOR_NAME = AccentColor;
				CODE_SIGN_STYLE = Automatic;
				CURRENT_PROJECT_VERSION = 1;
				DEVELOPMENT_TEAM = 4836KR52L9;
				GENERATE_INFOPLIST_FILE = YES;
				INFOPLIST_FILE = Bankey/Info.plist;
				INFOPLIST_KEY_UIApplicationSupportsIndirectInputEvents = YES;
				INFOPLIST_KEY_UILaunchStoryboardName = LaunchScreen;
				INFOPLIST_KEY_UISupportedInterfaceOrientations = "UIInterfaceOrientationLandscapeLeft UIInterfaceOrientationLandscapeRight UIInterfaceOrientationPortrait";
				INFOPLIST_KEY_UISupportedInterfaceOrientations_iPad = "UIInterfaceOrientationLandscapeLeft UIInterfaceOrientationLandscapeRight UIInterfaceOrientationPortrait UIInterfaceOrientationPortraitUpsideDown";
				LD_RUNPATH_SEARCH_PATHS = (
					"$(inherited)",
					"@executable_path/Frameworks",
				);
				MARKETING_VERSION = 1.0;
				PRODUCT_BUNDLE_IDENTIFIER = com.pucknavin.Bankey;
				PRODUCT_NAME = "$(TARGET_NAME)";
				SWIFT_EMIT_LOC_STRINGS = YES;
				SWIFT_VERSION = 5.0;
				TARGETED_DEVICE_FAMILY = "1,2";
			};
			name = Release;
		};
/* End XCBuildConfiguration section */

/* Begin XCConfigurationList section */
		C19A8ECC2910F58A00FD3290 /* Build configuration list for PBXProject "Bankey" */ = {
			isa = XCConfigurationList;
			buildConfigurations = (
				C19A8EE32910F58C00FD3290 /* Debug */,
				C19A8EE42910F58C00FD3290 /* Release */,
			);
			defaultConfigurationIsVisible = 0;
			defaultConfigurationName = Release;
		};
		C19A8EE52910F58C00FD3290 /* Build configuration list for PBXNativeTarget "Bankey" */ = {
			isa = XCConfigurationList;
			buildConfigurations = (
				C19A8EE62910F58C00FD3290 /* Debug */,
				C19A8EE72910F58C00FD3290 /* Release */,
			);
			defaultConfigurationIsVisible = 0;
			defaultConfigurationName = Release;
		};
/* End XCConfigurationList section */
	};
	rootObject = C19A8EC92910F58A00FD3290 /* Project object */;
}
